// !$*UTF8*$!
{
	archiveVersion = 1;
	classes = {
	};
	objectVersion = 46;
	objects = {

/* Begin PBXBuildFile section */
		6E08A6B51A87369000F6093C /* Images.xcassets in Resources */ = {isa = PBXBuildFile; fileRef = 6E08A6B41A87369000F6093C /* Images.xcassets */; };
		6E08A6B81A87369000F6093C /* LaunchScreen.xib in Resources */ = {isa = PBXBuildFile; fileRef = 6E08A6B61A87369000F6093C /* LaunchScreen.xib */; };
		6E4206BB1AB6E34600A51136 /* AppDelegate.swift in Sources */ = {isa = PBXBuildFile; fileRef = 6E08A6AD1A87369000F6093C /* AppDelegate.swift */; };
		6E4206BC1AB6E34600A51136 /* ViewController.swift in Sources */ = {isa = PBXBuildFile; fileRef = 6E08A6AF1A87369000F6093C /* ViewController.swift */; };
		6E4206BE1AB6E35000A51136 /* HomeViewController.swift in Sources */ = {isa = PBXBuildFile; fileRef = 6E08A6D31A87370000F6093C /* HomeViewController.swift */; };
		6E4206BF1AB6E35000A51136 /* TopStoriesViewController.swift in Sources */ = {isa = PBXBuildFile; fileRef = 6E08A6D51A87370000F6093C /* TopStoriesViewController.swift */; };
		6E4206C01AB6E35000A51136 /* BookmarksViewController.swift in Sources */ = {isa = PBXBuildFile; fileRef = 6E08A6D11A87370000F6093C /* BookmarksViewController.swift */; };
		6E4206C11AB6E35000A51136 /* HelpViewController.swift in Sources */ = {isa = PBXBuildFile; fileRef = 6E08A6D21A87370000F6093C /* HelpViewController.swift */; };
		6E4206C21AB6E35000A51136 /* SignoutViewController.swift in Sources */ = {isa = PBXBuildFile; fileRef = 6E08A6D41A87370000F6093C /* SignoutViewController.swift */; };
		E572400A1D92288500DD6E06 /* MediumMenuController.swift in Sources */ = {isa = PBXBuildFile; fileRef = E57240091D92288500DD6E06 /* MediumMenuController.swift */; };
		E572400C1D9229E300DD6E06 /* LoginController.swift in Sources */ = {isa = PBXBuildFile; fileRef = E572400B1D9229E300DD6E06 /* LoginController.swift */; };
		E5CAB31F1D923C0B008C8131 /* MediumMenu.swift in Sources */ = {isa = PBXBuildFile; fileRef = E5CAB31D1D923C0B008C8131 /* MediumMenu.swift */; };
		E5CAB3201D923C0B008C8131 /* MediumMenuItem.swift in Sources */ = {isa = PBXBuildFile; fileRef = E5CAB31E1D923C0B008C8131 /* MediumMenuItem.swift */; };
/* End PBXBuildFile section */

/* Begin PBXCopyFilesBuildPhase section */
		BF08F3DF1AD8CE0800A5FECD /* Embed Frameworks */ = {
			isa = PBXCopyFilesBuildPhase;
			buildActionMask = 2147483647;
			dstPath = "";
			dstSubfolderSpec = 10;
			files = (
			);
			name = "Embed Frameworks";
			runOnlyForDeploymentPostprocessing = 0;
		};
/* End PBXCopyFilesBuildPhase section */

/* Begin PBXFileReference section */
		6E08A6A81A87369000F6093C /* MediumMenu-Sample.app */ = {isa = PBXFileReference; explicitFileType = wrapper.application; includeInIndex = 0; path = "MediumMenu-Sample.app"; sourceTree = BUILT_PRODUCTS_DIR; };
		6E08A6AC1A87369000F6093C /* Info.plist */ = {isa = PBXFileReference; lastKnownFileType = text.plist.xml; path = Info.plist; sourceTree = "<group>"; };
		6E08A6AD1A87369000F6093C /* AppDelegate.swift */ = {isa = PBXFileReference; lastKnownFileType = sourcecode.swift; path = AppDelegate.swift; sourceTree = "<group>"; };
		6E08A6AF1A87369000F6093C /* ViewController.swift */ = {isa = PBXFileReference; lastKnownFileType = sourcecode.swift; path = ViewController.swift; sourceTree = "<group>"; };
		6E08A6B41A87369000F6093C /* Images.xcassets */ = {isa = PBXFileReference; lastKnownFileType = folder.assetcatalog; path = Images.xcassets; sourceTree = "<group>"; };
		6E08A6B71A87369000F6093C /* Base */ = {isa = PBXFileReference; lastKnownFileType = file.xib; name = Base; path = Base.lproj/LaunchScreen.xib; sourceTree = "<group>"; };
		6E08A6D11A87370000F6093C /* BookmarksViewController.swift */ = {isa = PBXFileReference; fileEncoding = 4; lastKnownFileType = sourcecode.swift; path = BookmarksViewController.swift; sourceTree = "<group>"; };
		6E08A6D21A87370000F6093C /* HelpViewController.swift */ = {isa = PBXFileReference; fileEncoding = 4; lastKnownFileType = sourcecode.swift; path = HelpViewController.swift; sourceTree = "<group>"; };
		6E08A6D31A87370000F6093C /* HomeViewController.swift */ = {isa = PBXFileReference; fileEncoding = 4; lastKnownFileType = sourcecode.swift; path = HomeViewController.swift; sourceTree = "<group>"; };
		6E08A6D41A87370000F6093C /* SignoutViewController.swift */ = {isa = PBXFileReference; fileEncoding = 4; lastKnownFileType = sourcecode.swift; path = SignoutViewController.swift; sourceTree = "<group>"; };
		6E08A6D51A87370000F6093C /* TopStoriesViewController.swift */ = {isa = PBXFileReference; fileEncoding = 4; lastKnownFileType = sourcecode.swift; path = TopStoriesViewController.swift; sourceTree = "<group>"; };
		BF08F3D51AD8CE0800A5FECD /* Info.plist */ = {isa = PBXFileReference; lastKnownFileType = text.plist.xml; path = Info.plist; sourceTree = "<group>"; };
		BF08F3D61AD8CE0800A5FECD /* MediumMenuTests.swift */ = {isa = PBXFileReference; lastKnownFileType = sourcecode.swift; path = MediumMenuTests.swift; sourceTree = "<group>"; };
		E57240091D92288500DD6E06 /* MediumMenuController.swift */ = {isa = PBXFileReference; fileEncoding = 4; lastKnownFileType = sourcecode.swift; path = MediumMenuController.swift; sourceTree = "<group>"; };
		E572400B1D9229E300DD6E06 /* LoginController.swift */ = {isa = PBXFileReference; fileEncoding = 4; lastKnownFileType = sourcecode.swift; path = LoginController.swift; sourceTree = "<group>"; };
		E5CAB31D1D923C0B008C8131 /* MediumMenu.swift */ = {isa = PBXFileReference; fileEncoding = 4; lastKnownFileType = sourcecode.swift; path = MediumMenu.swift; sourceTree = "<group>"; };
		E5CAB31E1D923C0B008C8131 /* MediumMenuItem.swift */ = {isa = PBXFileReference; fileEncoding = 4; lastKnownFileType = sourcecode.swift; path = MediumMenuItem.swift; sourceTree = "<group>"; };
/* End PBXFileReference section */

/* Begin PBXFrameworksBuildPhase section */
		6E08A6A51A87369000F6093C /* Frameworks */ = {
			isa = PBXFrameworksBuildPhase;
			buildActionMask = 2147483647;
			files = (
			);
			runOnlyForDeploymentPostprocessing = 0;
		};
/* End PBXFrameworksBuildPhase section */

/* Begin PBXGroup section */
		6E08A69F1A87369000F6093C = {
			isa = PBXGroup;
			children = (
				6E08A6AA1A87369000F6093C /* MediumMenu-Sample */,
				BF08F3D31AD8CE0800A5FECD /* MediumMenuTests */,
				6E08A6A91A87369000F6093C /* Products */,
			);
			sourceTree = "<group>";
		};
		6E08A6A91A87369000F6093C /* Products */ = {
			isa = PBXGroup;
			children = (
				6E08A6A81A87369000F6093C /* MediumMenu-Sample.app */,
			);
			name = Products;
			sourceTree = "<group>";
		};
		6E08A6AA1A87369000F6093C /* MediumMenu-Sample */ = {
			isa = PBXGroup;
			children = (
				6E1F4AB61AB6CD780041955A /* MediumMenu */,
				6E08A6D01A87370000F6093C /* Controllers */,
				6E08A6AD1A87369000F6093C /* AppDelegate.swift */,
				6E08A6AF1A87369000F6093C /* ViewController.swift */,
				E572400B1D9229E300DD6E06 /* LoginController.swift */,
				6E08A6B41A87369000F6093C /* Images.xcassets */,
				6E08A6AB1A87369000F6093C /* Supporting Files */,
			);
			path = "MediumMenu-Sample";
			sourceTree = "<group>";
		};
		6E08A6AB1A87369000F6093C /* Supporting Files */ = {
			isa = PBXGroup;
			children = (
				6E08A6B61A87369000F6093C /* LaunchScreen.xib */,
				6E08A6AC1A87369000F6093C /* Info.plist */,
			);
			name = "Supporting Files";
			sourceTree = "<group>";
		};
		6E08A6D01A87370000F6093C /* Controllers */ = {
			isa = PBXGroup;
			children = (
				6E08A6D31A87370000F6093C /* HomeViewController.swift */,
				6E08A6D51A87370000F6093C /* TopStoriesViewController.swift */,
				6E08A6D11A87370000F6093C /* BookmarksViewController.swift */,
				6E08A6D21A87370000F6093C /* HelpViewController.swift */,
				6E08A6D41A87370000F6093C /* SignoutViewController.swift */,
			);
			name = Controllers;
			path = View;
			sourceTree = "<group>";
		};
		6E1F4AB61AB6CD780041955A /* MediumMenu */ = {
			isa = PBXGroup;
			children = (
				E5CAB31D1D923C0B008C8131 /* MediumMenu.swift */,
				E5CAB31E1D923C0B008C8131 /* MediumMenuItem.swift */,
				E57240091D92288500DD6E06 /* MediumMenuController.swift */,
			);
			name = MediumMenu;
			sourceTree = "<group>";
		};
		BF08F3D31AD8CE0800A5FECD /* MediumMenuTests */ = {
			isa = PBXGroup;
			children = (
				BF08F3D61AD8CE0800A5FECD /* MediumMenuTests.swift */,
				BF08F3D41AD8CE0800A5FECD /* Supporting Files */,
			);
			path = MediumMenuTests;
			sourceTree = "<group>";
		};
		BF08F3D41AD8CE0800A5FECD /* Supporting Files */ = {
			isa = PBXGroup;
			children = (
				BF08F3D51AD8CE0800A5FECD /* Info.plist */,
			);
			name = "Supporting Files";
			sourceTree = "<group>";
		};
/* End PBXGroup section */

/* Begin PBXNativeTarget section */
		6E08A6A71A87369000F6093C /* MediumMenu-Sample */ = {
			isa = PBXNativeTarget;
			buildConfigurationList = 6E08A6C71A87369000F6093C /* Build configuration list for PBXNativeTarget "MediumMenu-Sample" */;
			buildPhases = (
				6E08A6A41A87369000F6093C /* Sources */,
				6E08A6A51A87369000F6093C /* Frameworks */,
				6E08A6A61A87369000F6093C /* Resources */,
				BF08F3DF1AD8CE0800A5FECD /* Embed Frameworks */,
			);
			buildRules = (
			);
			dependencies = (
			);
			name = "MediumMenu-Sample";
			productName = "MediumMenu-Sample";
			productReference = 6E08A6A81A87369000F6093C /* MediumMenu-Sample.app */;
			productType = "com.apple.product-type.application";
		};
/* End PBXNativeTarget section */

/* Begin PBXProject section */
		6E08A6A01A87369000F6093C /* Project object */ = {
			isa = PBXProject;
			attributes = {
				LastSwiftMigration = 0700;
				LastSwiftUpdateCheck = 0700;
				LastUpgradeCheck = 0800;
				ORGANIZATIONNAME = pixyzehn;
				TargetAttributes = {
					6E08A6A71A87369000F6093C = {
						CreatedOnToolsVersion = 6.1.1;
						LastSwiftMigration = 0800;
					};
				};
			};
			buildConfigurationList = 6E08A6A31A87369000F6093C /* Build configuration list for PBXProject "MediumMenu-Sample" */;
			compatibilityVersion = "Xcode 3.2";
			developmentRegion = English;
			hasScannedForEncodings = 0;
			knownRegions = (
				en,
				Base,
			);
			mainGroup = 6E08A69F1A87369000F6093C;
			productRefGroup = 6E08A6A91A87369000F6093C /* Products */;
			projectDirPath = "";
			projectRoot = "";
			targets = (
				6E08A6A71A87369000F6093C /* MediumMenu-Sample */,
			);
		};
/* End PBXProject section */

/* Begin PBXResourcesBuildPhase section */
		6E08A6A61A87369000F6093C /* Resources */ = {
			isa = PBXResourcesBuildPhase;
			buildActionMask = 2147483647;
			files = (
				6E08A6B81A87369000F6093C /* LaunchScreen.xib in Resources */,
				6E08A6B51A87369000F6093C /* Images.xcassets in Resources */,
			);
			runOnlyForDeploymentPostprocessing = 0;
		};
/* End PBXResourcesBuildPhase section */

/* Begin PBXSourcesBuildPhase section */
		6E08A6A41A87369000F6093C /* Sources */ = {
			isa = PBXSourcesBuildPhase;
			buildActionMask = 2147483647;
			files = (
				E572400A1D92288500DD6E06 /* MediumMenuController.swift in Sources */,
				E5CAB3201D923C0B008C8131 /* MediumMenuItem.swift in Sources */,
				E572400C1D9229E300DD6E06 /* LoginController.swift in Sources */,
				6E4206BE1AB6E35000A51136 /* HomeViewController.swift in Sources */,
				E5CAB31F1D923C0B008C8131 /* MediumMenu.swift in Sources */,
				6E4206BF1AB6E35000A51136 /* TopStoriesViewController.swift in Sources */,
				6E4206C01AB6E35000A51136 /* BookmarksViewController.swift in Sources */,
				6E4206C11AB6E35000A51136 /* HelpViewController.swift in Sources */,
				6E4206C21AB6E35000A51136 /* SignoutViewController.swift in Sources */,
				6E4206BB1AB6E34600A51136 /* AppDelegate.swift in Sources */,
				6E4206BC1AB6E34600A51136 /* ViewController.swift in Sources */,
			);
			runOnlyForDeploymentPostprocessing = 0;
		};
/* End PBXSourcesBuildPhase section */

/* Begin PBXVariantGroup section */
		6E08A6B61A87369000F6093C /* LaunchScreen.xib */ = {
			isa = PBXVariantGroup;
			children = (
				6E08A6B71A87369000F6093C /* Base */,
			);
			name = LaunchScreen.xib;
			sourceTree = "<group>";
		};
/* End PBXVariantGroup section */

/* Begin XCBuildConfiguration section */
		6E08A6C51A87369000F6093C /* Debug */ = {
			isa = XCBuildConfiguration;
			buildSettings = {
				ALWAYS_SEARCH_USER_PATHS = NO;
				CLANG_CXX_LANGUAGE_STANDARD = "gnu++0x";
				CLANG_CXX_LIBRARY = "libc++";
				CLANG_ENABLE_MODULES = YES;
				CLANG_ENABLE_OBJC_ARC = YES;
				CLANG_WARN_BOOL_CONVERSION = YES;
				CLANG_WARN_CONSTANT_CONVERSION = YES;
				CLANG_WARN_DIRECT_OBJC_ISA_USAGE = YES_ERROR;
				CLANG_WARN_EMPTY_BODY = YES;
				CLANG_WARN_ENUM_CONVERSION = YES;
				CLANG_WARN_INFINITE_RECURSION = YES;
				CLANG_WARN_INT_CONVERSION = YES;
				CLANG_WARN_OBJC_ROOT_CLASS = YES_ERROR;
				CLANG_WARN_SUSPICIOUS_MOVE = YES;
				CLANG_WARN_UNREACHABLE_CODE = YES;
				CLANG_WARN__DUPLICATE_METHOD_MATCH = YES;
				"CODE_SIGN_IDENTITY[sdk=iphoneos*]" = "iPhone Developer";
				COPY_PHASE_STRIP = NO;
				ENABLE_STRICT_OBJC_MSGSEND = YES;
				ENABLE_TESTABILITY = YES;
				GCC_C_LANGUAGE_STANDARD = gnu99;
				GCC_DYNAMIC_NO_PIC = NO;
				GCC_NO_COMMON_BLOCKS = YES;
				GCC_OPTIMIZATION_LEVEL = 0;
				GCC_PREPROCESSOR_DEFINITIONS = (
					"DEBUG=1",
					"$(inherited)",
				);
				GCC_SYMBOLS_PRIVATE_EXTERN = NO;
				GCC_WARN_64_TO_32_BIT_CONVERSION = YES;
				GCC_WARN_ABOUT_RETURN_TYPE = YES_ERROR;
				GCC_WARN_UNDECLARED_SELECTOR = YES;
				GCC_WARN_UNINITIALIZED_AUTOS = YES_AGGRESSIVE;
				GCC_WARN_UNUSED_FUNCTION = YES;
				GCC_WARN_UNUSED_VARIABLE = YES;
				IPHONEOS_DEPLOYMENT_TARGET = 8.0;
				MTL_ENABLE_DEBUG_INFO = YES;
				ONLY_ACTIVE_ARCH = YES;
				SDKROOT = iphoneos;
				SWIFT_OPTIMIZATION_LEVEL = "-Onone";
			};
			name = Debug;
		};
		6E08A6C61A87369000F6093C /* Release */ = {
			isa = XCBuildConfiguration;
			buildSettings = {
				ALWAYS_SEARCH_USER_PATHS = NO;
				CLANG_CXX_LANGUAGE_STANDARD = "gnu++0x";
				CLANG_CXX_LIBRARY = "libc++";
				CLANG_ENABLE_MODULES = YES;
				CLANG_ENABLE_OBJC_ARC = YES;
				CLANG_WARN_BOOL_CONVERSION = YES;
				CLANG_WARN_CONSTANT_CONVERSION = YES;
				CLANG_WARN_DIRECT_OBJC_ISA_USAGE = YES_ERROR;
				CLANG_WARN_EMPTY_BODY = YES;
				CLANG_WARN_ENUM_CONVERSION = YES;
				CLANG_WARN_INFINITE_RECURSION = YES;
				CLANG_WARN_INT_CONVERSION = YES;
				CLANG_WARN_OBJC_ROOT_CLASS = YES_ERROR;
				CLANG_WARN_SUSPICIOUS_MOVE = YES;
				CLANG_WARN_UNREACHABLE_CODE = YES;
				CLANG_WARN__DUPLICATE_METHOD_MATCH = YES;
				"CODE_SIGN_IDENTITY[sdk=iphoneos*]" = "iPhone Developer";
				COPY_PHASE_STRIP = YES;
				ENABLE_NS_ASSERTIONS = NO;
				ENABLE_STRICT_OBJC_MSGSEND = YES;
				GCC_C_LANGUAGE_STANDARD = gnu99;
				GCC_NO_COMMON_BLOCKS = YES;
				GCC_WARN_64_TO_32_BIT_CONVERSION = YES;
				GCC_WARN_ABOUT_RETURN_TYPE = YES_ERROR;
				GCC_WARN_UNDECLARED_SELECTOR = YES;
				GCC_WARN_UNINITIALIZED_AUTOS = YES_AGGRESSIVE;
				GCC_WARN_UNUSED_FUNCTION = YES;
				GCC_WARN_UNUSED_VARIABLE = YES;
				IPHONEOS_DEPLOYMENT_TARGET = 8.0;
				MTL_ENABLE_DEBUG_INFO = NO;
				SDKROOT = iphoneos;
				SWIFT_OPTIMIZATION_LEVEL = "-Owholemodule";
				VALIDATE_PRODUCT = YES;
			};
			name = Release;
		};
		6E08A6C81A87369000F6093C /* Debug */ = {
			isa = XCBuildConfiguration;
			buildSettings = {
				ASSETCATALOG_COMPILER_APPICON_NAME = AppIcon;
				INFOPLIST_FILE = "MediumMenu-Sample/Info.plist";
				LD_RUNPATH_SEARCH_PATHS = "$(inherited) @executable_path/Frameworks";
				PRODUCT_BUNDLE_IDENTIFIER = "pixyzehn.$(PRODUCT_NAME:rfc1034identifier)";
				PRODUCT_NAME = "$(TARGET_NAME)";
				SWIFT_VERSION = 2.3;
			};
			name = Debug;
		};
		6E08A6C91A87369000F6093C /* Release */ = {
			isa = XCBuildConfiguration;
			buildSettings = {
				ASSETCATALOG_COMPILER_APPICON_NAME = AppIcon;
				INFOPLIST_FILE = "MediumMenu-Sample/Info.plist";
				LD_RUNPATH_SEARCH_PATHS = "$(inherited) @executable_path/Frameworks";
				PRODUCT_BUNDLE_IDENTIFIER = "pixyzehn.$(PRODUCT_NAME:rfc1034identifier)";
				PRODUCT_NAME = "$(TARGET_NAME)";
				SWIFT_VERSION = 2.3;
			};
			name = Release;
		};
/* End XCBuildConfiguration section */

/* Begin XCConfigurationList section */
		6E08A6A31A87369000F6093C /* Build configuration list for PBXProject "MediumMenu-Sample" */ = {
			isa = XCConfigurationList;
			buildConfigurations = (
				6E08A6C51A87369000F6093C /* Debug */,
				6E08A6C61A87369000F6093C /* Release */,
			);
			defaultConfigurationIsVisible = 0;
			defaultConfigurationName = Release;
		};
		6E08A6C71A87369000F6093C /* Build configuration list for PBXNativeTarget "MediumMenu-Sample" */ = {
			isa = XCConfigurationList;
			buildConfigurations = (
				6E08A6C81A87369000F6093C /* Debug */,
				6E08A6C91A87369000F6093C /* Release */,
			);
			defaultConfigurationIsVisible = 0;
			defaultConfigurationName = Release;
		};
/* End XCConfigurationList section */
	};
	rootObject = 6E08A6A01A87369000F6093C /* Project object */;
}
